# generated by rye
# use `rye lock` or `rye sync` to update this lockfile
#
# last locked with the following flags:
#   pre: false
#   features: []
#   all-features: false
#   with-sources: false
#   generate-hashes: false
#   universal: false

-e file:.
asgiref==3.8.1
    # via django
black==25.1.0
    # via recommendation-system
click==8.1.8
    # via black
colorama==0.4.6
    # via click
    # via pytest
django==5.2
    # via djangorestframework
    # via recommendation-system
djangorestframework==3.16.0
    # via recommendation-system
iniconfig==2.1.0
    # via pytest
mypy-extensions==1.1.0
    # via black
packaging==25.0
    # via black
    # via pytest
pathspec==0.12.1
    # via black
platformdirs==4.3.7
    # via black
pluggy==1.5.0
    # via pytest
pytest==8.3.5
    # via pytest-django
    # via recommendation-system
pytest-django==4.11.1
    # via recommendation-system
sqlparse==0.5.3
    # via django
tzdata==2025.2
    # via django
